PODS:
  - AdPopcornOfferwall (5.1.0)
  - adpopcornreward (1.0.3):
    - AdPopcornOfferwall (= 5.1.0)
    - Flutter
  - Flutter (1.0.0)

DEPENDENCIES:
  - adpopcornreward (from `.symlinks/plugins/adpopcornreward/ios`)
  - Flutter (from `Flutter`)

SPEC REPOS:
  trunk:
    - AdPopcornOfferwall

EXTERNAL SOURCES:
  adpopcornreward:
    :path: ".symlinks/plugins/adpopcornreward/ios"
  Flutter:
    :path: Flutter

SPEC CHECKSUMS:
  AdPopcornOfferwall: da2db4d6f1a00b808b9f23ada9df886bee260bc6
  adpopcornreward: 1996471456937cf7e215a2e671970762e1acc4d7
  Flutter: f04841e97a9d0b0a8025694d0796dd46242b2854

PODFILE CHECKSUM: 663715e941f9adb426e33bf9376914006f9ea95b

COCOAPODS: 1.16.2
