PODS:
  - AdPopcornOfferwall (5.2.0)
  - adpopcornreward (1.0.4):
    - AdPopcornOfferwall (= 5.2.0)
    - Flutter
  - Flutter (1.0.0)

DEPENDENCIES:
  - adpopcornreward (from `.symlinks/plugins/adpopcornreward/ios`)
  - Flutter (from `Flutter`)

SPEC REPOS:
  trunk:
    - AdPopcornOfferwall

EXTERNAL SOURCES:
  adpopcornreward:
    :path: ".symlinks/plugins/adpopcornreward/ios"
  Flutter:
    :path: Flutter

SPEC CHECKSUMS:
  AdPopcornOfferwall: f82e27acf980cf760c5a4f2cf7fc89b976018217
  adpopcornreward: 087d4e8fc37dd86cd35faacb387eb9ea0bc487f3
  Flutter: f04841e97a9d0b0a8025694d0796dd46242b2854

PODFILE CHECKSUM: 663715e941f9adb426e33bf9376914006f9ea95b

COCOAPODS: 1.16.2
